github.com/AdamSLevy/go-merkle v0.0.0-20190611101253-ca33344a884d h1:FWutTJGVqBnL4rLgeNaspUYnmnvkXcmDA3QO3rHBGgU=
github.com/AdamSLevy/go-merkle v0.0.0-20190611101253-ca33344a884d/go.mod h1:Nw3sh5L40Xs1wno7ndbD/dYWg+vARpBvpX9Zz1YSxbo=
github.com/AdamSLevy/jsonrpc2/v12 v12.0.1/go.mod h1:UUmIu8A7Sjw+yI0tIc/iGQHoSu/7loifZ7E/AbjFFcI=
github.com/AdamSLevy/jsonrpc2/v13 v13.0.1 h1:hQ5rfCFBQrXQNtvP+2mtH6EmsUAEN61ZF1n8UGVNis0=
github.com/AdamSLevy/jsonrpc2/v13 v13.0.1/go.mod h1:8QsYqGKdPEim+n/j9KFTYB2tIj250f044Vxh2XRKhP4=
github.com/Factom-Asset-Tokens/base58 v0.0.0-20181227014902-61655c4dd885 h1:rfy2fwMrOZPqQgjsH7VCreGMSPzcvqQrfjeSs8nf+sY=
github.com/Factom-Asset-Tokens/base58 v0.0.0-20181227014902-61655c4dd885/go.mod h1:RVXsRSp6VzXw5l1uiGazuf3qo23Qk0h1HzMcQk+X4LE=
github.com/Factom-Asset-Tokens/factom v0.0.0-20191121210333-481aa2c19345 h1:cj5VO1AkJMzHjAp0lDG966c7TQ35ygzJ/NK4XZvnacM=
github.com/Factom-Asset-Tokens/factom v0.0.0-20191121210333-481aa2c19345/go.mod h1:QwTTrmYvbvsDC7+ZzonzR0jmoT9BgPzaM0XsMJqCJFs=
github.com/cenkalti/backoff/v3 v3.1.1 h1:UBHElAnr3ODEbpqPzX8g5sBcASjoLFtt3L/xwJ01L6E=
github.com/cenkalti/backoff/v3 v3.1.1/go.mod h1:cIeZDE3IrqwwJl6VUwCN6trj1oXrTS4rc0ij+ULvLYs=
github.com/davecgh/go-spew v1.1.0/go.mod h1:J7Y8YcW2NihsgmVo/mv3lAwl/skON4iLHjSsI+c5H38=
github.com/davecgh/go-spew v1.1.1/go.mod h1:J7Y8YcW2NihsgmVo/mv3lAwl/skON4iLHjSsI+c5H38=
github.com/kr/pretty v0.1.0/go.mod h1:dAy3ld7l9f0ibDNOQOHHMYYIIbhfbHSm3C4ZsoJORNo=
github.com/kr/pty v1.1.1/go.mod h1:pFQYn66WHrOpPYNljwOMqo10TkYh1fy3cYio2l3bCsQ=
github.com/kr/text v0.1.0/go.mod h1:4Jbv+DJW3UT/LiOwJeYQe1efqtUx/iVham/4vfdArNI=
github.com/pmezard/go-difflib v1.0.0/go.mod h1:iKH77koFhYxTK1pcRnkKkqfTogsbg7gZNVY4sRDYZ/4=
github.com/stretchr/objx v0.1.0/go.mod h1:HFkY916IF+rwdDfMAkV7OtwuqBVzrE8GR6GFx+wExME=
github.com/stretchr/testify v1.2.2/go.mod h1:a8OnRcib4nhh0OaRAV+Yts87kKdq0PP7pXfy6kDkUVs=
github.com/stretchr/testify v1.4.0/go.mod h1:j7eGeouHqKxXV5pUuKE4zz7dFj8WfuZ+81PSLYec5m4=
gopkg.in/check.v1 v0.0.0-20161208181325-20d25e280405/go.mod h1:Co6ibVJAznAaIkqp8huTwlJQCZ016jof/cbN4VW5Yz0=
gopkg.in/check.v1 v1.0.0-20180628173108-788fd7840127/go.mod h1:Co6ibVJAznAaIkqp8huTwlJQCZ016jof/cbN4VW5Yz0=
gopkg.in/ini.v1 v1.51.0 h1:AQvPpx3LzTDM0AjnIRlVFwFFGC+npRopjZxLJj6gdno=
gopkg.in/ini.v1 v1.51.0/go.mod h1:pNLf8WUiyNEtQjuu5G5vTm06TEv9tsIgeAvK8hOrP4k=
gopkg.in/yaml.v2 v2.2.2/go.mod h1:hI93XBmqTisBFMUTm0b8Fm+jr3Dg1NNxqwp+5A1VGuI=
